
Microsoft Visual Studio Solution File, Format Version 12.00
# Visual Studio Version 16
VisualStudioVersion = 16.0.31729.503
MinimumVisualStudioVersion = 10.0.40219.1
Project("{9A19103F-16F7-4668-BE54-9A1E7A4F7556}") = "APIGateWayAPP", "APIGateWayAPP\APIGateWayAPP.csproj", "{1F063D24-7F10-4DC0-B8A0-47F20F635ADF}"
EndProject
Project("{9A19103F-16F7-4668-BE54-9A1E7A4F7556}") = "Login", "Login\Login.csproj", "{A0171C4B-4292-4074-B37B-88C505EE0DD9}"
EndProject
Project("{9A19103F-16F7-4668-BE54-9A1E7A4F7556}") = "BookingManagement", "BookingManagement\BookingManagement.csproj", "{A9C5B345-DD13-498F-B3B3-A0E1ED576802}"
EndProject
Project("{FAE04EC0-301F-11D3-BF4B-00C04F79EFBC}") = "AirlineManagement", "AirlineManagement\AirlineManagement.csproj", "{1584EB58-73F8-4805-AE3F-23DEE2CC1099}"
EndProject
Global
	GlobalSection(SolutionConfigurationPlatforms) = preSolution
		Debug|Any CPU = Debug|Any CPU
		Release|Any CPU = Release|Any CPU
	EndGlobalSection
	GlobalSection(ProjectConfigurationPlatforms) = postSolution
		{1F063D24-7F10-4DC0-B8A0-47F20F635ADF}.Debug|Any CPU.ActiveCfg = Debug|Any CPU
		{1F063D24-7F10-4DC0-B8A0-47F20F635ADF}.Debug|Any CPU.Build.0 = Debug|Any CPU
		{1F063D24-7F10-4DC0-B8A0-47F20F635ADF}.Release|Any CPU.ActiveCfg = Release|Any CPU
		{1F063D24-7F10-4DC0-B8A0-47F20F635ADF}.Release|Any CPU.Build.0 = Release|Any CPU
		{A0171C4B-4292-4074-B37B-88C505EE0DD9}.Debug|Any CPU.ActiveCfg = Debug|Any CPU
		{A0171C4B-4292-4074-B37B-88C505EE0DD9}.Debug|Any CPU.Build.0 = Debug|Any CPU
		{A0171C4B-4292-4074-B37B-88C505EE0DD9}.Release|Any CPU.ActiveCfg = Release|Any CPU
		{A0171C4B-4292-4074-B37B-88C505EE0DD9}.Release|Any CPU.Build.0 = Release|Any CPU
		{A9C5B345-DD13-498F-B3B3-A0E1ED576802}.Debug|Any CPU.ActiveCfg = Debug|Any CPU
		{A9C5B345-DD13-498F-B3B3-A0E1ED576802}.Debug|Any CPU.Build.0 = Debug|Any CPU
		{A9C5B345-DD13-498F-B3B3-A0E1ED576802}.Release|Any CPU.ActiveCfg = Release|Any CPU
		{A9C5B345-DD13-498F-B3B3-A0E1ED576802}.Release|Any CPU.Build.0 = Release|Any CPU
		{1584EB58-73F8-4805-AE3F-23DEE2CC1099}.Debug|Any CPU.ActiveCfg = Debug|Any CPU
		{1584EB58-73F8-4805-AE3F-23DEE2CC1099}.Debug|Any CPU.Build.0 = Debug|Any CPU
		{1584EB58-73F8-4805-AE3F-23DEE2CC1099}.Release|Any CPU.ActiveCfg = Release|Any CPU
		{1584EB58-73F8-4805-AE3F-23DEE2CC1099}.Release|Any CPU.Build.0 = Release|Any CPU
	EndGlobalSection
	GlobalSection(SolutionProperties) = preSolution
		HideSolutionNode = FALSE
	EndGlobalSection
	GlobalSection(ExtensibilityGlobals) = postSolution
		SolutionGuid = {53EDD407-2064-4A78-8F53-3D683216F547}
	EndGlobalSection
EndGlobal
